
Microsoft Visual Studio Solution File, Format Version 12.00
# Visual Studio Version 17
VisualStudioVersion = 17.14.36109.1
MinimumVisualStudioVersion = 10.0.40219.1
Project("{FAE04EC0-301F-11D3-BF4B-00C04F79EFBC}") = "PetShelter", "PetShelter\PetShelter.csproj", "{11393FF5-12A6-466A-9402-89C471E73BBF}"
EndProject
Project("{FAE04EC0-301F-11D3-BF4B-00C04F79EFBC}") = "Model", "Model\Model.csproj", "{B4923625-668A-95CB-F92E-EAD08FFFA065}"
EndProject
Global
	GlobalSection(SolutionConfigurationPlatforms) = preSolution
		Debug|Any CPU = Debug|Any CPU
		Release|Any CPU = Release|Any CPU
	EndGlobalSection
	GlobalSection(ProjectConfigurationPlatforms) = postSolution
		{11393FF5-12A6-466A-9402-89C471E73BBF}.Debug|Any CPU.ActiveCfg = Debug|Any CPU
		{11393FF5-12A6-466A-9402-89C471E73BBF}.Debug|Any CPU.Build.0 = Debug|Any CPU
		{11393FF5-12A6-466A-9402-89C471E73BBF}.Release|Any CPU.ActiveCfg = Release|Any CPU
		{11393FF5-12A6-466A-9402-89C471E73BBF}.Release|Any CPU.Build.0 = Release|Any CPU
		{B4923625-668A-95CB-F92E-EAD08FFFA065}.Debug|Any CPU.ActiveCfg = Debug|Any CPU
		{B4923625-668A-95CB-F92E-EAD08FFFA065}.Debug|Any CPU.Build.0 = Debug|Any CPU
		{B4923625-668A-95CB-F92E-EAD08FFFA065}.Release|Any CPU.ActiveCfg = Release|Any CPU
		{B4923625-668A-95CB-F92E-EAD08FFFA065}.Release|Any CPU.Build.0 = Release|Any CPU
	EndGlobalSection
	GlobalSection(SolutionProperties) = preSolution
		HideSolutionNode = FALSE
	EndGlobalSection
	GlobalSection(ExtensibilityGlobals) = postSolution
		SolutionGuid = {8E5888AF-0721-4FE4-B728-DC25352DD7B6}
	EndGlobalSection
EndGlobal
